// !$*UTF8*$!
{
	archiveVersion = 1;
	classes = {
	};
	objectVersion = 77;
	objects = {

/* Begin PBXBuildFile section */
		0BF9A5FEDDE308F69811C949 /* AppCore in Frameworks */ = {isa = PBXBuildFile; productRef = 09C91847BF3CE63FF4B9A88E /* AppCore */; };
		1A5037371D94DD06B9D0A982 /* SplitInput.swift in Sources */ = {isa = PBXBuildFile; fileRef = 21121228E6AA78CBC1743FF3 /* SplitInput.swift */; };
		1EF96EFD252F0C8C6146CD9D /* SeleniteApp.swift in Sources */ = {isa = PBXBuildFile; fileRef = C17D93938F3EF35FC7048224 /* SeleniteApp.swift */; };
		20E632824AA1A93A96DE60E2 /* AppModel.swift in Sources */ = {isa = PBXBuildFile; fileRef = ED727DA465B015CE790EDF05 /* AppModel.swift */; };
		254805DE344BBFCC597A314F /* SettingsView.swift in Sources */ = {isa = PBXBuildFile; fileRef = A81EDC7452537FA8570F814B /* SettingsView.swift */; };
		25C43362B5FA13ECE711080A /* PromptPanel.swift in Sources */ = {isa = PBXBuildFile; fileRef = 587861A0A29BF0BAD44514E0 /* PromptPanel.swift */; };
		2AE22CE80612451ABCAB7F32 /* WakePanel.swift in Sources */ = {isa = PBXBuildFile; fileRef = 37C8DEC225845017D34A9385 /* WakePanel.swift */; };
		2D58FEC6AFD4831CD4B29071 /* InputKit in Frameworks */ = {isa = PBXBuildFile; productRef = 22C051D647308BA6DDCFF816 /* InputKit */; };
		3444C9834442D162D4AFDEE1 /* StreamCoverView.swift in Sources */ = {isa = PBXBuildFile; fileRef = 10D449D417CA0BAC6F70C675 /* StreamCoverView.swift */; };
		35BB8915D007AEF4D635A279 /* InfoPlist.xcstrings in Resources */ = {isa = PBXBuildFile; fileRef = 8A65A84DB00403A334CF0C5C /* InfoPlist.xcstrings */; };
		37E4DAF36DD2A84FC1F1BFD5 /* StreamLoadingView.swift in Sources */ = {isa = PBXBuildFile; fileRef = DA2DB4429BE59BAC3854583B /* StreamLoadingView.swift */; };
		42F2F727BE695487B17FC82D /* ColorTheme.swift in Sources */ = {isa = PBXBuildFile; fileRef = 29084BD577B639C217599362 /* ColorTheme.swift */; };
		4722FE1A787E162F5C3448F6 /* RootView.swift in Sources */ = {isa = PBXBuildFile; fileRef = FB1D9C38AA34B31FFCA5FA32 /* RootView.swift */; };
		48190944DC9CF5EB8BCC5D17 /* RecentsRow.swift in Sources */ = {isa = PBXBuildFile; fileRef = FDC88DAC646888CD387DFA80 /* RecentsRow.swift */; };
		52AC0336E4A7777DB30D201F /* MoonlightCore in Frameworks */ = {isa = PBXBuildFile; productRef = 9FE785F1EF1DE3002B7959FE /* MoonlightCore */; };
		53FA1B28082BB906B32F81FC /* SplitScreenView.swift in Sources */ = {isa = PBXBuildFile; fileRef = 20FE94F627DB05CFAF9A536D /* SplitScreenView.swift */; };
		6B977D97AD3446A8E1DD32F5 /* HostSettingsRow.swift in Sources */ = {isa = PBXBuildFile; fileRef = D244D1FF2D3F5DB9B1014221 /* HostSettingsRow.swift */; };
		6DF9D32C15A12D0C2955FE33 /* FailureText.swift in Sources */ = {isa = PBXBuildFile; fileRef = 68830DDB57D3AA87AD8A38C6 /* FailureText.swift */; };
		6E89F70DE09BD4F802273DA2 /* AppTile.swift in Sources */ = {isa = PBXBuildFile; fileRef = 7BE0886C65B71808D997F30A /* AppTile.swift */; };
		71A30642922B8F8B29A65265 /* AddHostFlowView.swift in Sources */ = {isa = PBXBuildFile; fileRef = 31D65A510D94364F3B5D7626 /* AddHostFlowView.swift */; };
		73F507CB26C9C6D55E451C45 /* StatsViews.swift in Sources */ = {isa = PBXBuildFile; fileRef = 49C2BBD8A47916EEE19987CA /* StatsViews.swift */; };
		81B8795B97796488DA74FFC8 /* Localizable.xcstrings in Resources */ = {isa = PBXBuildFile; fileRef = 12D1C745A4359BA90A9D9162 /* Localizable.xcstrings */; };
		8EA122957D8DABD53DCA34B7 /* SplitContainer.swift in Sources */ = {isa = PBXBuildFile; fileRef = 14D5D5B06C94898B89C00BD1 /* SplitContainer.swift */; };
		9546C00191F51DA116A05798 /* SplitWizardView.swift in Sources */ = {isa = PBXBuildFile; fileRef = 54F6C2BE12159B857CCF910D /* SplitWizardView.swift */; };
		993D6AFA841889D22673347E /* StreamOverlayView.swift in Sources */ = {isa = PBXBuildFile; fileRef = 56AEAF6F7A60D4EE01BA1587 /* StreamOverlayView.swift */; };
		9E014C89E72ACA197D89FC43 /* HomeView.swift in Sources */ = {isa = PBXBuildFile; fileRef = 273A08E874EAF5433651BECB /* HomeView.swift */; };
		9F22A3E8D26DF283C88C1080 /* LiveDependencies.swift in Sources */ = {isa = PBXBuildFile; fileRef = B991729B15A5D4B5BC2C7A7A /* LiveDependencies.swift */; };
		A079B09DD4D0DC0D959F79E9 /* HostCard.swift in Sources */ = {isa = PBXBuildFile; fileRef = 536760E4329F49D368B1B8BD /* HostCard.swift */; };
		A08C4B6DDBD4B39B48DCAF35 /* Prompts.swift in Sources */ = {isa = PBXBuildFile; fileRef = 1AFF32ECFE4F5B57C7D3376D /* Prompts.swift */; };
		AE38EDBD667980F3C2F871EB /* HostSettingsView.swift in Sources */ = {isa = PBXBuildFile; fileRef = 5A08B86762A14C1761374B9D /* HostSettingsView.swift */; };
		BB47697DDEA70547D1DCAC7D /* DeveloperView.swift in Sources */ = {isa = PBXBuildFile; fileRef = 45EAB5CCA5EF274867374D67 /* DeveloperView.swift */; };
		C44E78C4EDFB53E5C70B370F /* MenuPresentation.swift in Sources */ = {isa = PBXBuildFile; fileRef = 95FB195CF38E94D64367E7C8 /* MenuPresentation.swift */; };
		C9D3D7D4294509AB483C9F86 /* StreamContainer.swift in Sources */ = {isa = PBXBuildFile; fileRef = 31071BC9355E89A5E5CA7339 /* StreamContainer.swift */; };
		D2F2FB6D3F9FB933330C3A2F /* ErrorPanel.swift in Sources */ = {isa = PBXBuildFile; fileRef = A94CE08B4C9A3E680A947E22 /* ErrorPanel.swift */; };
		D994CAFD234138F65277521A /* StreamSurface.swift in Sources */ = {isa = PBXBuildFile; fileRef = AF77301DC333661362D4FEB7 /* StreamSurface.swift */; };
		DFCC100449E4B9582F992142 /* SplitOverlayView.swift in Sources */ = {isa = PBXBuildFile; fileRef = 1AED27E2044FDE82ADEDF6C6 /* SplitOverlayView.swift */; };
		E4CBC4B4BCE309F4E1F5AE83 /* AsyncCachedImage.swift in Sources */ = {isa = PBXBuildFile; fileRef = 45E145C40671B3024384F31F /* AsyncCachedImage.swift */; };
		EBD2EC4B6DED50553E7C4F9E /* ArtworkTile.swift in Sources */ = {isa = PBXBuildFile; fileRef = B660E02E5ABAFD106CB03193 /* ArtworkTile.swift */; };
		ED786636E3672852C14D4D5B /* HostKit in Frameworks */ = {isa = PBXBuildFile; productRef = CCD3F26D86A723963A2FB2BA /* HostKit */; };
		F78DD469BAF41BA4CE2359AB /* ValuePickerRow.swift in Sources */ = {isa = PBXBuildFile; fileRef = 00F01E3CDDCB412C415DCCB0 /* ValuePickerRow.swift */; };
		F8AAB1581DDCDBB00D69C04C /* StreamKit in Frameworks */ = {isa = PBXBuildFile; productRef = 7469462ED7EB913A8C1A7626 /* StreamKit */; };
		FE2E1B2C36AC1AEF0DC84B61 /* FocusKit.swift in Sources */ = {isa = PBXBuildFile; fileRef = F00EAE024DF3884F582048B1 /* FocusKit.swift */; };
/* End PBXBuildFile section */

/* Begin PBXFileReference section */
		00F01E3CDDCB412C415DCCB0 /* ValuePickerRow.swift */ = {isa = PBXFileReference; lastKnownFileType = sourcecode.swift; path = ValuePickerRow.swift; sourceTree = "<group>"; };
		10D449D417CA0BAC6F70C675 /* StreamCoverView.swift */ = {isa = PBXFileReference; lastKnownFileType = sourcecode.swift; path = StreamCoverView.swift; sourceTree = "<group>"; };
		12D1C745A4359BA90A9D9162 /* Localizable.xcstrings */ = {isa = PBXFileReference; lastKnownFileType = text.json.xcstrings; path = Localizable.xcstrings; sourceTree = "<group>"; };
		14D5D5B06C94898B89C00BD1 /* SplitContainer.swift */ = {isa = PBXFileReference; lastKnownFileType = sourcecode.swift; path = SplitContainer.swift; sourceTree = "<group>"; };
		152E3C6DC9B0F1A43ECDF02F /* Selenite-tvOS.app */ = {isa = PBXFileReference; includeInIndex = 0; lastKnownFileType = wrapper.application; path = "Selenite-tvOS.app"; sourceTree = BUILT_PRODUCTS_DIR; };
		1AED27E2044FDE82ADEDF6C6 /* SplitOverlayView.swift */ = {isa = PBXFileReference; lastKnownFileType = sourcecode.swift; path = SplitOverlayView.swift; sourceTree = "<group>"; };
		1AFF32ECFE4F5B57C7D3376D /* Prompts.swift */ = {isa = PBXFileReference; lastKnownFileType = sourcecode.swift; path = Prompts.swift; sourceTree = "<group>"; };
		20FE94F627DB05CFAF9A536D /* SplitScreenView.swift */ = {isa = PBXFileReference; lastKnownFileType = sourcecode.swift; path = SplitScreenView.swift; sourceTree = "<group>"; };
		21121228E6AA78CBC1743FF3 /* SplitInput.swift */ = {isa = PBXFileReference; lastKnownFileType = sourcecode.swift; path = SplitInput.swift; sourceTree = "<group>"; };
		273A08E874EAF5433651BECB /* HomeView.swift */ = {isa = PBXFileReference; lastKnownFileType = sourcecode.swift; path = HomeView.swift; sourceTree = "<group>"; };
		29084BD577B639C217599362 /* ColorTheme.swift */ = {isa = PBXFileReference; lastKnownFileType = sourcecode.swift; path = ColorTheme.swift; sourceTree = "<group>"; };
		31071BC9355E89A5E5CA7339 /* StreamContainer.swift */ = {isa = PBXFileReference; lastKnownFileType = sourcecode.swift; path = StreamContainer.swift; sourceTree = "<group>"; };
		31D65A510D94364F3B5D7626 /* AddHostFlowView.swift */ = {isa = PBXFileReference; lastKnownFileType = sourcecode.swift; path = AddHostFlowView.swift; sourceTree = "<group>"; };
		37C8DEC225845017D34A9385 /* WakePanel.swift */ = {isa = PBXFileReference; lastKnownFileType = sourcecode.swift; path = WakePanel.swift; sourceTree = "<group>"; };
		45E145C40671B3024384F31F /* AsyncCachedImage.swift */ = {isa = PBXFileReference; lastKnownFileType = sourcecode.swift; path = AsyncCachedImage.swift; sourceTree = "<group>"; };
		45EAB5CCA5EF274867374D67 /* DeveloperView.swift */ = {isa = PBXFileReference; lastKnownFileType = sourcecode.swift; path = DeveloperView.swift; sourceTree = "<group>"; };
		49C2BBD8A47916EEE19987CA /* StatsViews.swift */ = {isa = PBXFileReference; lastKnownFileType = sourcecode.swift; path = StatsViews.swift; sourceTree = "<group>"; };
		536760E4329F49D368B1B8BD /* HostCard.swift */ = {isa = PBXFileReference; lastKnownFileType = sourcecode.swift; path = HostCard.swift; sourceTree = "<group>"; };
		54F6C2BE12159B857CCF910D /* SplitWizardView.swift */ = {isa = PBXFileReference; lastKnownFileType = sourcecode.swift; path = SplitWizardView.swift; sourceTree = "<group>"; };
		56AEAF6F7A60D4EE01BA1587 /* StreamOverlayView.swift */ = {isa = PBXFileReference; lastKnownFileType = sourcecode.swift; path = StreamOverlayView.swift; sourceTree = "<group>"; };
		587861A0A29BF0BAD44514E0 /* PromptPanel.swift */ = {isa = PBXFileReference; lastKnownFileType = sourcecode.swift; path = PromptPanel.swift; sourceTree = "<group>"; };
		5A08B86762A14C1761374B9D /* HostSettingsView.swift */ = {isa = PBXFileReference; lastKnownFileType = sourcecode.swift; path = HostSettingsView.swift; sourceTree = "<group>"; };
		68830DDB57D3AA87AD8A38C6 /* FailureText.swift */ = {isa = PBXFileReference; lastKnownFileType = sourcecode.swift; path = FailureText.swift; sourceTree = "<group>"; };
		7BE0886C65B71808D997F30A /* AppTile.swift */ = {isa = PBXFileReference; lastKnownFileType = sourcecode.swift; path = AppTile.swift; sourceTree = "<group>"; };
		8A65A84DB00403A334CF0C5C /* InfoPlist.xcstrings */ = {isa = PBXFileReference; lastKnownFileType = text.json.xcstrings; path = InfoPlist.xcstrings; sourceTree = "<group>"; };
		95FB195CF38E94D64367E7C8 /* MenuPresentation.swift */ = {isa = PBXFileReference; lastKnownFileType = sourcecode.swift; path = MenuPresentation.swift; sourceTree = "<group>"; };
		A81EDC7452537FA8570F814B /* SettingsView.swift */ = {isa = PBXFileReference; lastKnownFileType = sourcecode.swift; path = SettingsView.swift; sourceTree = "<group>"; };
		A94CE08B4C9A3E680A947E22 /* ErrorPanel.swift */ = {isa = PBXFileReference; lastKnownFileType = sourcecode.swift; path = ErrorPanel.swift; sourceTree = "<group>"; };
		AF77301DC333661362D4FEB7 /* StreamSurface.swift */ = {isa = PBXFileReference; lastKnownFileType = sourcecode.swift; path = StreamSurface.swift; sourceTree = "<group>"; };
		B2E3997C9A5DCCC491590535 /* Info.plist */ = {isa = PBXFileReference; lastKnownFileType = text.plist; path = Info.plist; sourceTree = "<group>"; };
		B660E02E5ABAFD106CB03193 /* ArtworkTile.swift */ = {isa = PBXFileReference; lastKnownFileType = sourcecode.swift; path = ArtworkTile.swift; sourceTree = "<group>"; };
		B991729B15A5D4B5BC2C7A7A /* LiveDependencies.swift */ = {isa = PBXFileReference; lastKnownFileType = sourcecode.swift; path = LiveDependencies.swift; sourceTree = "<group>"; };
		C17D93938F3EF35FC7048224 /* SeleniteApp.swift */ = {isa = PBXFileReference; lastKnownFileType = sourcecode.swift; path = SeleniteApp.swift; sourceTree = "<group>"; };
		D244D1FF2D3F5DB9B1014221 /* HostSettingsRow.swift */ = {isa = PBXFileReference; lastKnownFileType = sourcecode.swift; path = HostSettingsRow.swift; sourceTree = "<group>"; };
		DA2DB4429BE59BAC3854583B /* StreamLoadingView.swift */ = {isa = PBXFileReference; lastKnownFileType = sourcecode.swift; path = StreamLoadingView.swift; sourceTree = "<group>"; };
		E06B05EB5A9C79E42910DCC6 /* SeleniteKit */ = {isa = PBXFileReference; lastKnownFileType = folder; name = SeleniteKit; path = SeleniteKit; sourceTree = SOURCE_ROOT; };
		ED727DA465B015CE790EDF05 /* AppModel.swift */ = {isa = PBXFileReference; lastKnownFileType = sourcecode.swift; path = AppModel.swift; sourceTree = "<group>"; };
		F00EAE024DF3884F582048B1 /* FocusKit.swift */ = {isa = PBXFileReference; lastKnownFileType = sourcecode.swift; path = FocusKit.swift; sourceTree = "<group>"; };
		FB1D9C38AA34B31FFCA5FA32 /* RootView.swift */ = {isa = PBXFileReference; lastKnownFileType = sourcecode.swift; path = RootView.swift; sourceTree = "<group>"; };
		FDC88DAC646888CD387DFA80 /* RecentsRow.swift */ = {isa = PBXFileReference; lastKnownFileType = sourcecode.swift; path = RecentsRow.swift; sourceTree = "<group>"; };
/* End PBXFileReference section */

/* Begin PBXFrameworksBuildPhase section */
		413528C21218222185578EFB /* Frameworks */ = {
			isa = PBXFrameworksBuildPhase;
			buildActionMask = 2147483647;
			files = (
				ED786636E3672852C14D4D5B /* HostKit in Frameworks */,
				F8AAB1581DDCDBB00D69C04C /* StreamKit in Frameworks */,
				2D58FEC6AFD4831CD4B29071 /* InputKit in Frameworks */,
				0BF9A5FEDDE308F69811C949 /* AppCore in Frameworks */,
				52AC0336E4A7777DB30D201F /* MoonlightCore in Frameworks */,
			);
			runOnlyForDeploymentPostprocessing = 0;
		};
/* End PBXFrameworksBuildPhase section */

/* Begin PBXGroup section */
		018A681675718F1D2FE36CF2 /* Home */ = {
			isa = PBXGroup;
			children = (
				31D65A510D94364F3B5D7626 /* AddHostFlowView.swift */,
				7BE0886C65B71808D997F30A /* AppTile.swift */,
				273A08E874EAF5433651BECB /* HomeView.swift */,
				536760E4329F49D368B1B8BD /* HostCard.swift */,
				5A08B86762A14C1761374B9D /* HostSettingsView.swift */,
				1AFF32ECFE4F5B57C7D3376D /* Prompts.swift */,
				FDC88DAC646888CD387DFA80 /* RecentsRow.swift */,
				37C8DEC225845017D34A9385 /* WakePanel.swift */,
			);
			path = Home;
			sourceTree = "<group>";
		};
		1DA298D2FD882246155E50AD /* Selenite */ = {
			isa = PBXGroup;
			children = (
				B2E3997C9A5DCCC491590535 /* Info.plist */,
				8A65A84DB00403A334CF0C5C /* InfoPlist.xcstrings */,
				12D1C745A4359BA90A9D9162 /* Localizable.xcstrings */,
				C17D93938F3EF35FC7048224 /* SeleniteApp.swift */,
				C3C1E8BF29C70C40301DA001 /* App */,
				018A681675718F1D2FE36CF2 /* Home */,
				A8E61A105AB35A3AC53D0A50 /* Settings */,
				FA8D0F0469F01E8213EA25B0 /* Split */,
				67A762DAC7B039EF1268E1A6 /* Stream */,
				FF192B3F71CF0B5F9815F3F0 /* UI */,
			);
			path = Selenite;
			sourceTree = "<group>";
		};
		49964AC1B413FFD8049417B9 /* Products */ = {
			isa = PBXGroup;
			children = (
				152E3C6DC9B0F1A43ECDF02F /* Selenite-tvOS.app */,
			);
			name = Products;
			sourceTree = "<group>";
		};
		67A762DAC7B039EF1268E1A6 /* Stream */ = {
			isa = PBXGroup;
			children = (
				A94CE08B4C9A3E680A947E22 /* ErrorPanel.swift */,
				49C2BBD8A47916EEE19987CA /* StatsViews.swift */,
				31071BC9355E89A5E5CA7339 /* StreamContainer.swift */,
				10D449D417CA0BAC6F70C675 /* StreamCoverView.swift */,
				DA2DB4429BE59BAC3854583B /* StreamLoadingView.swift */,
				56AEAF6F7A60D4EE01BA1587 /* StreamOverlayView.swift */,
				AF77301DC333661362D4FEB7 /* StreamSurface.swift */,
			);
			path = Stream;
			sourceTree = "<group>";
		};
		A8E61A105AB35A3AC53D0A50 /* Settings */ = {
			isa = PBXGroup;
			children = (
				45EAB5CCA5EF274867374D67 /* DeveloperView.swift */,
				D244D1FF2D3F5DB9B1014221 /* HostSettingsRow.swift */,
				A81EDC7452537FA8570F814B /* SettingsView.swift */,
			);
			path = Settings;
			sourceTree = "<group>";
		};
		C3C1E8BF29C70C40301DA001 /* App */ = {
			isa = PBXGroup;
			children = (
				ED727DA465B015CE790EDF05 /* AppModel.swift */,
				68830DDB57D3AA87AD8A38C6 /* FailureText.swift */,
				B991729B15A5D4B5BC2C7A7A /* LiveDependencies.swift */,
				FB1D9C38AA34B31FFCA5FA32 /* RootView.swift */,
				21121228E6AA78CBC1743FF3 /* SplitInput.swift */,
			);
			path = App;
			sourceTree = "<group>";
		};
		DD117898FE65DFBA59087221 = {
			isa = PBXGroup;
			children = (
				E342AB1525D5C123A61187A4 /* Packages */,
				1DA298D2FD882246155E50AD /* Selenite */,
				49964AC1B413FFD8049417B9 /* Products */,
			);
			sourceTree = "<group>";
		};
		E342AB1525D5C123A61187A4 /* Packages */ = {
			isa = PBXGroup;
			children = (
				E06B05EB5A9C79E42910DCC6 /* SeleniteKit */,
			);
			name = Packages;
			sourceTree = "<group>";
		};
		FA8D0F0469F01E8213EA25B0 /* Split */ = {
			isa = PBXGroup;
			children = (
				14D5D5B06C94898B89C00BD1 /* SplitContainer.swift */,
				1AED27E2044FDE82ADEDF6C6 /* SplitOverlayView.swift */,
				20FE94F627DB05CFAF9A536D /* SplitScreenView.swift */,
				54F6C2BE12159B857CCF910D /* SplitWizardView.swift */,
			);
			path = Split;
			sourceTree = "<group>";
		};
		FF192B3F71CF0B5F9815F3F0 /* UI */ = {
			isa = PBXGroup;
			children = (
				B660E02E5ABAFD106CB03193 /* ArtworkTile.swift */,
				45E145C40671B3024384F31F /* AsyncCachedImage.swift */,
				29084BD577B639C217599362 /* ColorTheme.swift */,
				F00EAE024DF3884F582048B1 /* FocusKit.swift */,
				95FB195CF38E94D64367E7C8 /* MenuPresentation.swift */,
				587861A0A29BF0BAD44514E0 /* PromptPanel.swift */,
				00F01E3CDDCB412C415DCCB0 /* ValuePickerRow.swift */,
			);
			path = UI;
			sourceTree = "<group>";
		};
/* End PBXGroup section */

/* Begin PBXNativeTarget section */
		BA6C98D08DDB32EDD1542607 /* Selenite-tvOS */ = {
			isa = PBXNativeTarget;
			buildConfigurationList = 862573DC8B659A1BDF915C96 /* Build configuration list for PBXNativeTarget "Selenite-tvOS" */;
			buildPhases = (
				14FE14DCC2412C09AD09837E /* Sources */,
				B9840716A2DF9616AC9E773C /* Resources */,
				413528C21218222185578EFB /* Frameworks */,
			);
			buildRules = (
			);
			dependencies = (
			);
			name = "Selenite-tvOS";
			packageProductDependencies = (
				CCD3F26D86A723963A2FB2BA /* HostKit */,
				7469462ED7EB913A8C1A7626 /* StreamKit */,
				22C051D647308BA6DDCFF816 /* InputKit */,
				09C91847BF3CE63FF4B9A88E /* AppCore */,
				9FE785F1EF1DE3002B7959FE /* MoonlightCore */,
			);
			productName = "Selenite-tvOS";
			productReference = 152E3C6DC9B0F1A43ECDF02F /* Selenite-tvOS.app */;
			productType = "com.apple.product-type.application";
		};
/* End PBXNativeTarget section */

/* Begin PBXProject section */
		7AD98E86F8F5C2AFB1AC99B4 /* Project object */ = {
			isa = PBXProject;
			attributes = {
				BuildIndependentTargetsInParallel = YES;
				LastUpgradeCheck = 1430;
				TargetAttributes = {
					BA6C98D08DDB32EDD1542607 = {
						DevelopmentTeam = 4NY63S72W9;
						ProvisioningStyle = Automatic;
					};
				};
			};
			buildConfigurationList = 4CA23D8DBD09FFBFD06A5210 /* Build configuration list for PBXProject "Selenite" */;
			developmentRegion = en;
			hasScannedForEncodings = 0;
			knownRegions = (
				Base,
				cs,
				da,
				de,
				el,
				en,
				es,
				fi,
				fr,
				hr,
				hu,
				it,
				ja,
				ko,
				nb,
				nl,
				pl,
				"pt-BR",
				"pt-PT",
				ro,
				ru,
				sk,
				sv,
				tr,
				uk,
				"zh-Hans",
				"zh-Hant",
			);
			mainGroup = DD117898FE65DFBA59087221;
			minimizedProjectReferenceProxies = 1;
			packageReferences = (
				DFE2A776AB9681B9C01B26BC /* XCLocalSwiftPackageReference "SeleniteKit" */,
			);
			preferredProjectObjectVersion = 77;
			productRefGroup = 49964AC1B413FFD8049417B9 /* Products */;
			projectDirPath = "";
			projectRoot = "";
			targets = (
				BA6C98D08DDB32EDD1542607 /* Selenite-tvOS */,
			);
		};
/* End PBXProject section */

/* Begin PBXResourcesBuildPhase section */
		B9840716A2DF9616AC9E773C /* Resources */ = {
			isa = PBXResourcesBuildPhase;
			buildActionMask = 2147483647;
			files = (
				35BB8915D007AEF4D635A279 /* InfoPlist.xcstrings in Resources */,
				81B8795B97796488DA74FFC8 /* Localizable.xcstrings in Resources */,
			);
			runOnlyForDeploymentPostprocessing = 0;
		};
/* End PBXResourcesBuildPhase section */

/* Begin PBXSourcesBuildPhase section */
		14FE14DCC2412C09AD09837E /* Sources */ = {
			isa = PBXSourcesBuildPhase;
			buildActionMask = 2147483647;
			files = (
				71A30642922B8F8B29A65265 /* AddHostFlowView.swift in Sources */,
				20E632824AA1A93A96DE60E2 /* AppModel.swift in Sources */,
				6E89F70DE09BD4F802273DA2 /* AppTile.swift in Sources */,
				EBD2EC4B6DED50553E7C4F9E /* ArtworkTile.swift in Sources */,
				E4CBC4B4BCE309F4E1F5AE83 /* AsyncCachedImage.swift in Sources */,
				42F2F727BE695487B17FC82D /* ColorTheme.swift in Sources */,
				BB47697DDEA70547D1DCAC7D /* DeveloperView.swift in Sources */,
				D2F2FB6D3F9FB933330C3A2F /* ErrorPanel.swift in Sources */,
				6DF9D32C15A12D0C2955FE33 /* FailureText.swift in Sources */,
				FE2E1B2C36AC1AEF0DC84B61 /* FocusKit.swift in Sources */,
				9E014C89E72ACA197D89FC43 /* HomeView.swift in Sources */,
				A079B09DD4D0DC0D959F79E9 /* HostCard.swift in Sources */,
				6B977D97AD3446A8E1DD32F5 /* HostSettingsRow.swift in Sources */,
				AE38EDBD667980F3C2F871EB /* HostSettingsView.swift in Sources */,
				9F22A3E8D26DF283C88C1080 /* LiveDependencies.swift in Sources */,
				C44E78C4EDFB53E5C70B370F /* MenuPresentation.swift in Sources */,
				25C43362B5FA13ECE711080A /* PromptPanel.swift in Sources */,
				A08C4B6DDBD4B39B48DCAF35 /* Prompts.swift in Sources */,
				48190944DC9CF5EB8BCC5D17 /* RecentsRow.swift in Sources */,
				4722FE1A787E162F5C3448F6 /* RootView.swift in Sources */,
				1EF96EFD252F0C8C6146CD9D /* SeleniteApp.swift in Sources */,
				254805DE344BBFCC597A314F /* SettingsView.swift in Sources */,
				8EA122957D8DABD53DCA34B7 /* SplitContainer.swift in Sources */,
				1A5037371D94DD06B9D0A982 /* SplitInput.swift in Sources */,
				DFCC100449E4B9582F992142 /* SplitOverlayView.swift in Sources */,
				53FA1B28082BB906B32F81FC /* SplitScreenView.swift in Sources */,
				9546C00191F51DA116A05798 /* SplitWizardView.swift in Sources */,
				73F507CB26C9C6D55E451C45 /* StatsViews.swift in Sources */,
				C9D3D7D4294509AB483C9F86 /* StreamContainer.swift in Sources */,
				3444C9834442D162D4AFDEE1 /* StreamCoverView.swift in Sources */,
				37E4DAF36DD2A84FC1F1BFD5 /* StreamLoadingView.swift in Sources */,
				993D6AFA841889D22673347E /* StreamOverlayView.swift in Sources */,
				D994CAFD234138F65277521A /* StreamSurface.swift in Sources */,
				F78DD469BAF41BA4CE2359AB /* ValuePickerRow.swift in Sources */,
				2AE22CE80612451ABCAB7F32 /* WakePanel.swift in Sources */,
			);
			runOnlyForDeploymentPostprocessing = 0;
		};
/* End PBXSourcesBuildPhase section */

/* Begin XCBuildConfiguration section */
		1E0FFB3DB4ADC0030ED0F667 /* Release */ = {
			isa = XCBuildConfiguration;
			buildSettings = {
				ASSETCATALOG_COMPILER_APPICON_NAME = "App Icon & Top Shelf Image";
				ASSETCATALOG_COMPILER_LAUNCHIMAGE_NAME = LaunchImage;
				INFOPLIST_FILE = Selenite/Info.plist;
				LD_RUNPATH_SEARCH_PATHS = (
					"$(inherited)",
					"@executable_path/Frameworks",
				);
				PRODUCT_BUNDLE_IDENTIFIER = de.superuser404.Selenite;
				PRODUCT_NAME = Selenite;
				SDKROOT = appletvos;
				TARGETED_DEVICE_FAMILY = 3;
			};
			name = Release;
		};
		887DFA4C03CFF22E30663B6C /* Debug */ = {
			isa = XCBuildConfiguration;
			buildSettings = {
				ALWAYS_SEARCH_USER_PATHS = NO;
				CLANG_ANALYZER_NONNULL = YES;
				CLANG_ANALYZER_NUMBER_OBJECT_CONVERSION = YES_AGGRESSIVE;
				CLANG_CXX_LANGUAGE_STANDARD = "gnu++14";
				CLANG_CXX_LIBRARY = "libc++";
				CLANG_ENABLE_MODULES = YES;
				CLANG_ENABLE_OBJC_ARC = YES;
				CLANG_ENABLE_OBJC_WEAK = YES;
				CLANG_WARN_BLOCK_CAPTURE_AUTORELEASING = YES;
				CLANG_WARN_BOOL_CONVERSION = YES;
				CLANG_WARN_COMMA = YES;
				CLANG_WARN_CONSTANT_CONVERSION = YES;
				CLANG_WARN_DEPRECATED_OBJC_IMPLEMENTATIONS = YES;
				CLANG_WARN_DIRECT_OBJC_ISA_USAGE = YES_ERROR;
				CLANG_WARN_DOCUMENTATION_COMMENTS = YES;
				CLANG_WARN_EMPTY_BODY = YES;
				CLANG_WARN_ENUM_CONVERSION = YES;
				CLANG_WARN_INFINITE_RECURSION = YES;
				CLANG_WARN_INT_CONVERSION = YES;
				CLANG_WARN_NON_LITERAL_NULL_CONVERSION = YES;
				CLANG_WARN_OBJC_IMPLICIT_RETAIN_SELF = YES;
				CLANG_WARN_OBJC_LITERAL_CONVERSION = YES;
				CLANG_WARN_OBJC_ROOT_CLASS = YES_ERROR;
				CLANG_WARN_QUOTED_INCLUDE_IN_FRAMEWORK_HEADER = YES;
				CLANG_WARN_RANGE_LOOP_ANALYSIS = YES;
				CLANG_WARN_STRICT_PROTOTYPES = YES;
				CLANG_WARN_SUSPICIOUS_MOVE = YES;
				CLANG_WARN_UNGUARDED_AVAILABILITY = YES_AGGRESSIVE;
				CLANG_WARN_UNREACHABLE_CODE = YES;
				CLANG_WARN__DUPLICATE_METHOD_MATCH = YES;
				CODE_SIGN_STYLE = Automatic;
				COPY_PHASE_STRIP = NO;
				CURRENT_PROJECT_VERSION = 1;
				DEBUG_INFORMATION_FORMAT = dwarf;
				DEVELOPMENT_TEAM = 4NY63S72W9;
				ENABLE_STRICT_OBJC_MSGSEND = YES;
				ENABLE_TESTABILITY = YES;
				GCC_C_LANGUAGE_STANDARD = gnu11;
				GCC_DYNAMIC_NO_PIC = NO;
				GCC_NO_COMMON_BLOCKS = YES;
				GCC_OPTIMIZATION_LEVEL = 0;
				GCC_PREPROCESSOR_DEFINITIONS = (
					"$(inherited)",
					"DEBUG=1",
				);
				GCC_WARN_64_TO_32_BIT_CONVERSION = YES;
				GCC_WARN_ABOUT_RETURN_TYPE = YES_ERROR;
				GCC_WARN_UNDECLARED_SELECTOR = YES;
				GCC_WARN_UNINITIALIZED_AUTOS = YES_AGGRESSIVE;
				GCC_WARN_UNUSED_FUNCTION = YES;
				GCC_WARN_UNUSED_VARIABLE = YES;
				LOCALIZATION_PREFERS_STRING_CATALOGS = YES;
				MARKETING_VERSION = 0.1.0;
				MTL_ENABLE_DEBUG_INFO = INCLUDE_SOURCE;
				MTL_FAST_MATH = YES;
				ONLY_ACTIVE_ARCH = YES;
				PRODUCT_NAME = "$(TARGET_NAME)";
				SDKROOT = appletvos;
				SWIFT_ACTIVE_COMPILATION_CONDITIONS = DEBUG;
				SWIFT_EMIT_LOC_STRINGS = YES;
				SWIFT_OPTIMIZATION_LEVEL = "-Onone";
				SWIFT_VERSION = 6.0;
				TVOS_DEPLOYMENT_TARGET = 26.0;
			};
			name = Debug;
		};
		C503A59A1947ED3B53A6E8FF /* Debug */ = {
			isa = XCBuildConfiguration;
			buildSettings = {
				ASSETCATALOG_COMPILER_APPICON_NAME = "App Icon & Top Shelf Image";
				ASSETCATALOG_COMPILER_LAUNCHIMAGE_NAME = LaunchImage;
				INFOPLIST_FILE = Selenite/Info.plist;
				LD_RUNPATH_SEARCH_PATHS = (
					"$(inherited)",
					"@executable_path/Frameworks",
				);
				PRODUCT_BUNDLE_IDENTIFIER = de.superuser404.Selenite;
				PRODUCT_NAME = Selenite;
				SDKROOT = appletvos;
				TARGETED_DEVICE_FAMILY = 3;
			};
			name = Debug;
		};
		F8FE041FC64F855C1428E8B0 /* Release */ = {
			isa = XCBuildConfiguration;
			buildSettings = {
				ALWAYS_SEARCH_USER_PATHS = NO;
				CLANG_ANALYZER_NONNULL = YES;
				CLANG_ANALYZER_NUMBER_OBJECT_CONVERSION = YES_AGGRESSIVE;
				CLANG_CXX_LANGUAGE_STANDARD = "gnu++14";
				CLANG_CXX_LIBRARY = "libc++";
				CLANG_ENABLE_MODULES = YES;
				CLANG_ENABLE_OBJC_ARC = YES;
				CLANG_ENABLE_OBJC_WEAK = YES;
				CLANG_WARN_BLOCK_CAPTURE_AUTORELEASING = YES;
				CLANG_WARN_BOOL_CONVERSION = YES;
				CLANG_WARN_COMMA = YES;
				CLANG_WARN_CONSTANT_CONVERSION = YES;
				CLANG_WARN_DEPRECATED_OBJC_IMPLEMENTATIONS = YES;
				CLANG_WARN_DIRECT_OBJC_ISA_USAGE = YES_ERROR;
				CLANG_WARN_DOCUMENTATION_COMMENTS = YES;
				CLANG_WARN_EMPTY_BODY = YES;
				CLANG_WARN_ENUM_CONVERSION = YES;
				CLANG_WARN_INFINITE_RECURSION = YES;
				CLANG_WARN_INT_CONVERSION = YES;
				CLANG_WARN_NON_LITERAL_NULL_CONVERSION = YES;
				CLANG_WARN_OBJC_IMPLICIT_RETAIN_SELF = YES;
				CLANG_WARN_OBJC_LITERAL_CONVERSION = YES;
				CLANG_WARN_OBJC_ROOT_CLASS = YES_ERROR;
				CLANG_WARN_QUOTED_INCLUDE_IN_FRAMEWORK_HEADER = YES;
				CLANG_WARN_RANGE_LOOP_ANALYSIS = YES;
				CLANG_WARN_STRICT_PROTOTYPES = YES;
				CLANG_WARN_SUSPICIOUS_MOVE = YES;
				CLANG_WARN_UNGUARDED_AVAILABILITY = YES_AGGRESSIVE;
				CLANG_WARN_UNREACHABLE_CODE = YES;
				CLANG_WARN__DUPLICATE_METHOD_MATCH = YES;
				CODE_SIGN_STYLE = Automatic;
				COPY_PHASE_STRIP = NO;
				CURRENT_PROJECT_VERSION = 1;
				DEBUG_INFORMATION_FORMAT = "dwarf-with-dsym";
				DEVELOPMENT_TEAM = 4NY63S72W9;
				ENABLE_NS_ASSERTIONS = NO;
				ENABLE_STRICT_OBJC_MSGSEND = YES;
				GCC_C_LANGUAGE_STANDARD = gnu11;
				GCC_NO_COMMON_BLOCKS = YES;
				GCC_WARN_64_TO_32_BIT_CONVERSION = YES;
				GCC_WARN_ABOUT_RETURN_TYPE = YES_ERROR;
				GCC_WARN_UNDECLARED_SELECTOR = YES;
				GCC_WARN_UNINITIALIZED_AUTOS = YES_AGGRESSIVE;
				GCC_WARN_UNUSED_FUNCTION = YES;
				GCC_WARN_UNUSED_VARIABLE = YES;
				LOCALIZATION_PREFERS_STRING_CATALOGS = YES;
				MARKETING_VERSION = 0.1.0;
				MTL_ENABLE_DEBUG_INFO = NO;
				MTL_FAST_MATH = YES;
				PRODUCT_NAME = "$(TARGET_NAME)";
				SDKROOT = appletvos;
				SWIFT_COMPILATION_MODE = wholemodule;
				SWIFT_EMIT_LOC_STRINGS = YES;
				SWIFT_OPTIMIZATION_LEVEL = "-O";
				SWIFT_VERSION = 6.0;
				TVOS_DEPLOYMENT_TARGET = 26.0;
			};
			name = Release;
		};
/* End XCBuildConfiguration section */

/* Begin XCConfigurationList section */
		4CA23D8DBD09FFBFD06A5210 /* Build configuration list for PBXProject "Selenite" */ = {
			isa = XCConfigurationList;
			buildConfigurations = (
				887DFA4C03CFF22E30663B6C /* Debug */,
				F8FE041FC64F855C1428E8B0 /* Release */,
			);
			defaultConfigurationIsVisible = 0;
			defaultConfigurationName = Debug;
		};
		862573DC8B659A1BDF915C96 /* Build configuration list for PBXNativeTarget "Selenite-tvOS" */ = {
			isa = XCConfigurationList;
			buildConfigurations = (
				C503A59A1947ED3B53A6E8FF /* Debug */,
				1E0FFB3DB4ADC0030ED0F667 /* Release */,
			);
			defaultConfigurationIsVisible = 0;
			defaultConfigurationName = Debug;
		};
/* End XCConfigurationList section */

/* Begin XCLocalSwiftPackageReference section */
		DFE2A776AB9681B9C01B26BC /* XCLocalSwiftPackageReference "SeleniteKit" */ = {
			isa = XCLocalSwiftPackageReference;
			relativePath = SeleniteKit;
		};
/* End XCLocalSwiftPackageReference section */

/* Begin XCSwiftPackageProductDependency section */
		09C91847BF3CE63FF4B9A88E /* AppCore */ = {
			isa = XCSwiftPackageProductDependency;
			productName = AppCore;
		};
		22C051D647308BA6DDCFF816 /* InputKit */ = {
			isa = XCSwiftPackageProductDependency;
			productName = InputKit;
		};
		7469462ED7EB913A8C1A7626 /* StreamKit */ = {
			isa = XCSwiftPackageProductDependency;
			productName = StreamKit;
		};
		9FE785F1EF1DE3002B7959FE /* MoonlightCore */ = {
			isa = XCSwiftPackageProductDependency;
			productName = MoonlightCore;
		};
		CCD3F26D86A723963A2FB2BA /* HostKit */ = {
			isa = XCSwiftPackageProductDependency;
			productName = HostKit;
		};
/* End XCSwiftPackageProductDependency section */
	};
	rootObject = 7AD98E86F8F5C2AFB1AC99B4 /* Project object */;
}
